// !$*UTF8*$!
{
	archiveVersion = 1;
	classes = {
	};
	objectVersion = 50;
	objects = {

/* Begin PBXBuildFile section */
		0141838F271B436600CA9561 /* FindWordTimesApp.swift in Sources */ = {isa = PBXBuildFile; fileRef = 0141838E271B436600CA9561 /* FindWordTimesApp.swift */; };
		01418393271B436700CA9561 /* Assets.xcassets in Resources */ = {isa = PBXBuildFile; fileRef = 01418392271B436700CA9561 /* Assets.xcassets */; };
		01418396271B436700CA9561 /* Preview Assets.xcassets in Resources */ = {isa = PBXBuildFile; fileRef = 01418395271B436700CA9561 /* Preview Assets.xcassets */; };
		014183A1271B440300CA9561 /* FragmentUtils.swift in Sources */ = {isa = PBXBuildFile; fileRef = 0141839F271B440300CA9561 /* FragmentUtils.swift */; };
		014183A2271B440300CA9561 /* AudioUtils.swift in Sources */ = {isa = PBXBuildFile; fileRef = 014183A0271B440300CA9561 /* AudioUtils.swift */; };
		014183A6271B443E00CA9561 /* ContentView.swift in Sources */ = {isa = PBXBuildFile; fileRef = 014183A3271B443E00CA9561 /* ContentView.swift */; };
		014183A7271B443E00CA9561 /* SentenceRow.swift in Sources */ = {isa = PBXBuildFile; fileRef = 014183A4271B443E00CA9561 /* SentenceRow.swift */; };
		014183A8271B443E00CA9561 /* BookText.swift in Sources */ = {isa = PBXBuildFile; fileRef = 014183A5271B443E00CA9561 /* BookText.swift */; };
		014183AA271B447200CA9561 /* ButtonStyle.swift in Sources */ = {isa = PBXBuildFile; fileRef = 014183A9271B447200CA9561 /* ButtonStyle.swift */; };
/* End PBXBuildFile section */

/* Begin PBXFileReference section */
		0141838B271B436600CA9561 /* FindWordTimes.app */ = {isa = PBXFileReference; explicitFileType = wrapper.application; includeInIndex = 0; path = FindWordTimes.app; sourceTree = BUILT_PRODUCTS_DIR; };
		0141838E271B436600CA9561 /* FindWordTimesApp.swift */ = {isa = PBXFileReference; lastKnownFileType = sourcecode.swift; path = FindWordTimesApp.swift; sourceTree = "<group>"; };
		01418392271B436700CA9561 /* Assets.xcassets */ = {isa = PBXFileReference; lastKnownFileType = folder.assetcatalog; path = Assets.xcassets; sourceTree = "<group>"; };
		01418395271B436700CA9561 /* Preview Assets.xcassets */ = {isa = PBXFileReference; lastKnownFileType = folder.assetcatalog; path = "Preview Assets.xcassets"; sourceTree = "<group>"; };
		01418397271B436700CA9561 /* Info.plist */ = {isa = PBXFileReference; lastKnownFileType = text.plist.xml; path = Info.plist; sourceTree = "<group>"; };
		01418398271B436700CA9561 /* FindWordTimes.entitlements */ = {isa = PBXFileReference; lastKnownFileType = text.plist.entitlements; path = FindWordTimes.entitlements; sourceTree = "<group>"; };
		0141839F271B440300CA9561 /* FragmentUtils.swift */ = {isa = PBXFileReference; fileEncoding = 4; lastKnownFileType = sourcecode.swift; path = FragmentUtils.swift; sourceTree = "<group>"; };
		014183A0271B440300CA9561 /* AudioUtils.swift */ = {isa = PBXFileReference; fileEncoding = 4; lastKnownFileType = sourcecode.swift; path = AudioUtils.swift; sourceTree = "<group>"; };
		014183A3271B443E00CA9561 /* ContentView.swift */ = {isa = PBXFileReference; fileEncoding = 4; lastKnownFileType = sourcecode.swift; path = ContentView.swift; sourceTree = "<group>"; };
		014183A4271B443E00CA9561 /* SentenceRow.swift */ = {isa = PBXFileReference; fileEncoding = 4; lastKnownFileType = sourcecode.swift; path = SentenceRow.swift; sourceTree = "<group>"; };
		014183A5271B443E00CA9561 /* BookText.swift */ = {isa = PBXFileReference; fileEncoding = 4; lastKnownFileType = sourcecode.swift; path = BookText.swift; sourceTree = "<group>"; };
		014183A9271B447200CA9561 /* ButtonStyle.swift */ = {isa = PBXFileReference; fileEncoding = 4; lastKnownFileType = sourcecode.swift; path = ButtonStyle.swift; sourceTree = "<group>"; };
/* End PBXFileReference section */

/* Begin PBXFrameworksBuildPhase section */
		01418388271B436600CA9561 /* Frameworks */ = {
			isa = PBXFrameworksBuildPhase;
			buildActionMask = 2147483647;
			files = (
			);
			runOnlyForDeploymentPostprocessing = 0;
		};
/* End PBXFrameworksBuildPhase section */

/* Begin PBXGroup section */
		01418382271B436600CA9561 = {
			isa = PBXGroup;
			children = (
				0141838D271B436600CA9561 /* FindWordTimes */,
				0141838C271B436600CA9561 /* Products */,
			);
			sourceTree = "<group>";
		};
		0141838C271B436600CA9561 /* Products */ = {
			isa = PBXGroup;
			children = (
				0141838B271B436600CA9561 /* FindWordTimes.app */,
			);
			name = Products;
			sourceTree = "<group>";
		};
		0141838D271B436600CA9561 /* FindWordTimes */ = {
			isa = PBXGroup;
			children = (
				0141839E271B440300CA9561 /* utils */,
				0141838E271B436600CA9561 /* FindWordTimesApp.swift */,
				014183A5271B443E00CA9561 /* BookText.swift */,
				014183A3271B443E00CA9561 /* ContentView.swift */,
				014183A4271B443E00CA9561 /* SentenceRow.swift */,
				01418392271B436700CA9561 /* Assets.xcassets */,
				01418397271B436700CA9561 /* Info.plist */,
				01418398271B436700CA9561 /* FindWordTimes.entitlements */,
				014183A9271B447200CA9561 /* ButtonStyle.swift */,
				01418394271B436700CA9561 /* Preview Content */,
			);
			path = FindWordTimes;
			sourceTree = "<group>";
		};
		01418394271B436700CA9561 /* Preview Content */ = {
			isa = PBXGroup;
			children = (
				01418395271B436700CA9561 /* Preview Assets.xcassets */,
			);
			path = "Preview Content";
			sourceTree = "<group>";
		};
		0141839E271B440300CA9561 /* utils */ = {
			isa = PBXGroup;
			children = (
				0141839F271B440300CA9561 /* FragmentUtils.swift */,
				014183A0271B440300CA9561 /* AudioUtils.swift */,
			);
			path = utils;
			sourceTree = "<group>";
		};
/* End PBXGroup section */

/* Begin PBXNativeTarget section */
		0141838A271B436600CA9561 /* FindWordTimes */ = {
			isa = PBXNativeTarget;
			buildConfigurationList = 0141839B271B436700CA9561 /* Build configuration list for PBXNativeTarget "FindWordTimes" */;
			buildPhases = (
				01418387271B436600CA9561 /* Sources */,
				01418388271B436600CA9561 /* Frameworks */,
				01418389271B436600CA9561 /* Resources */,
			);
			buildRules = (
			);
			dependencies = (
			);
			name = FindWordTimes;
			productName = FindWordTimes;
			productReference = 0141838B271B436600CA9561 /* FindWordTimes.app */;
			productType = "com.apple.product-type.application";
		};
/* End PBXNativeTarget section */

/* Begin PBXProject section */
		01418383271B436600CA9561 /* Project object */ = {
			isa = PBXProject;
			attributes = {
				LastSwiftUpdateCheck = 1250;
				LastUpgradeCheck = 1250;
				TargetAttributes = {
					0141838A271B436600CA9561 = {
						CreatedOnToolsVersion = 12.5.1;
					};
				};
			};
			buildConfigurationList = 01418386271B436600CA9561 /* Build configuration list for PBXProject "FindWordTimes" */;
			compatibilityVersion = "Xcode 9.3";
			developmentRegion = en;
			hasScannedForEncodings = 0;
			knownRegions = (
				en,
				Base,
			);
			mainGroup = 01418382271B436600CA9561;
			productRefGroup = 0141838C271B436600CA9561 /* Products */;
			projectDirPath = "";
			projectRoot = "";
			targets = (
				0141838A271B436600CA9561 /* FindWordTimes */,
			);
		};
/* End PBXProject section */

/* Begin PBXResourcesBuildPhase section */
		01418389271B436600CA9561 /* Resources */ = {
			isa = PBXResourcesBuildPhase;
			buildActionMask = 2147483647;
			files = (
				01418396271B436700CA9561 /* Preview Assets.xcassets in Resources */,
				01418393271B436700CA9561 /* Assets.xcassets in Resources */,
			);
			runOnlyForDeploymentPostprocessing = 0;
		};
/* End PBXResourcesBuildPhase section */

/* Begin PBXSourcesBuildPhase section */
		01418387271B436600CA9561 /* Sources */ = {
			isa = PBXSourcesBuildPhase;
			buildActionMask = 2147483647;
			files = (
				0141838F271B436600CA9561 /* FindWordTimesApp.swift in Sources */,
				014183A8271B443E00CA9561 /* BookText.swift in Sources */,
				014183A2271B440300CA9561 /* AudioUtils.swift in Sources */,
				014183A6271B443E00CA9561 /* ContentView.swift in Sources */,
				014183A1271B440300CA9561 /* FragmentUtils.swift in Sources */,
				014183A7271B443E00CA9561 /* SentenceRow.swift in Sources */,
				014183AA271B447200CA9561 /* ButtonStyle.swift in Sources */,
			);
			runOnlyForDeploymentPostprocessing = 0;
		};
/* End PBXSourcesBuildPhase section */

/* Begin XCBuildConfiguration section */
		01418399271B436700CA9561 /* Debug */ = {
			isa = XCBuildConfiguration;
			buildSettings = {
				ALWAYS_SEARCH_USER_PATHS = NO;
				CLANG_ANALYZER_NONNULL = YES;
				CLANG_ANALYZER_NUMBER_OBJECT_CONVERSION = YES_AGGRESSIVE;
				CLANG_CXX_LANGUAGE_STANDARD = "gnu++14";
				CLANG_CXX_LIBRARY = "libc++";
				CLANG_ENABLE_MODULES = YES;
				CLANG_ENABLE_OBJC_ARC = YES;
				CLANG_ENABLE_OBJC_WEAK = YES;
				CLANG_WARN_BLOCK_CAPTURE_AUTORELEASING = YES;
				CLANG_WARN_BOOL_CONVERSION = YES;
				CLANG_WARN_COMMA = YES;
				CLANG_WARN_CONSTANT_CONVERSION = YES;
				CLANG_WARN_DEPRECATED_OBJC_IMPLEMENTATIONS = YES;
				CLANG_WARN_DIRECT_OBJC_ISA_USAGE = YES_ERROR;
				CLANG_WARN_DOCUMENTATION_COMMENTS = YES;
				CLANG_WARN_EMPTY_BODY = YES;
				CLANG_WARN_ENUM_CONVERSION = YES;
				CLANG_WARN_INFINITE_RECURSION = YES;
				CLANG_WARN_INT_CONVERSION = YES;
				CLANG_WARN_NON_LITERAL_NULL_CONVERSION = YES;
				CLANG_WARN_OBJC_IMPLICIT_RETAIN_SELF = YES;
				CLANG_WARN_OBJC_LITERAL_CONVERSION = YES;
				CLANG_WARN_OBJC_ROOT_CLASS = YES_ERROR;
				CLANG_WARN_QUOTED_INCLUDE_IN_FRAMEWORK_HEADER = YES;
				CLANG_WARN_RANGE_LOOP_ANALYSIS = YES;
				CLANG_WARN_STRICT_PROTOTYPES = YES;
				CLANG_WARN_SUSPICIOUS_MOVE = YES;
				CLANG_WARN_UNGUARDED_AVAILABILITY = YES_AGGRESSIVE;
				CLANG_WARN_UNREACHABLE_CODE = YES;
				CLANG_WARN__DUPLICATE_METHOD_MATCH = YES;
				COPY_PHASE_STRIP = NO;
				DEBUG_INFORMATION_FORMAT = dwarf;
				ENABLE_STRICT_OBJC_MSGSEND = YES;
				ENABLE_TESTABILITY = YES;
				GCC_C_LANGUAGE_STANDARD = gnu11;
				GCC_DYNAMIC_NO_PIC = NO;
				GCC_NO_COMMON_BLOCKS = YES;
				GCC_OPTIMIZATION_LEVEL = 0;
				GCC_PREPROCESSOR_DEFINITIONS = (
					"DEBUG=1",
					"$(inherited)",
				);
				GCC_WARN_64_TO_32_BIT_CONVERSION = YES;
				GCC_WARN_ABOUT_RETURN_TYPE = YES_ERROR;
				GCC_WARN_UNDECLARED_SELECTOR = YES;
				GCC_WARN_UNINITIALIZED_AUTOS = YES_AGGRESSIVE;
				GCC_WARN_UNUSED_FUNCTION = YES;
				GCC_WARN_UNUSED_VARIABLE = YES;
				MACOSX_DEPLOYMENT_TARGET = 11.3;
				MTL_ENABLE_DEBUG_INFO = INCLUDE_SOURCE;
				MTL_FAST_MATH = YES;
				ONLY_ACTIVE_ARCH = YES;
				SDKROOT = macosx;
				SWIFT_ACTIVE_COMPILATION_CONDITIONS = DEBUG;
				SWIFT_OPTIMIZATION_LEVEL = "-Onone";
			};
			name = Debug;
		};
		0141839A271B436700CA9561 /* Release */ = {
			isa = XCBuildConfiguration;
			buildSettings = {
				ALWAYS_SEARCH_USER_PATHS = NO;
				CLANG_ANALYZER_NONNULL = YES;
				CLANG_ANALYZER_NUMBER_OBJECT_CONVERSION = YES_AGGRESSIVE;
				CLANG_CXX_LANGUAGE_STANDARD = "gnu++14";
				CLANG_CXX_LIBRARY = "libc++";
				CLANG_ENABLE_MODULES = YES;
				CLANG_ENABLE_OBJC_ARC = YES;
				CLANG_ENABLE_OBJC_WEAK = YES;
				CLANG_WARN_BLOCK_CAPTURE_AUTORELEASING = YES;
				CLANG_WARN_BOOL_CONVERSION = YES;
				CLANG_WARN_COMMA = YES;
				CLANG_WARN_CONSTANT_CONVERSION = YES;
				CLANG_WARN_DEPRECATED_OBJC_IMPLEMENTATIONS = YES;
				CLANG_WARN_DIRECT_OBJC_ISA_USAGE = YES_ERROR;
				CLANG_WARN_DOCUMENTATION_COMMENTS = YES;
				CLANG_WARN_EMPTY_BODY = YES;
				CLANG_WARN_ENUM_CONVERSION = YES;
				CLANG_WARN_INFINITE_RECURSION = YES;
				CLANG_WARN_INT_CONVERSION = YES;
				CLANG_WARN_NON_LITERAL_NULL_CONVERSION = YES;
				CLANG_WARN_OBJC_IMPLICIT_RETAIN_SELF = YES;
				CLANG_WARN_OBJC_LITERAL_CONVERSION = YES;
				CLANG_WARN_OBJC_ROOT_CLASS = YES_ERROR;
				CLANG_WARN_QUOTED_INCLUDE_IN_FRAMEWORK_HEADER = YES;
				CLANG_WARN_RANGE_LOOP_ANALYSIS = YES;
				CLANG_WARN_STRICT_PROTOTYPES = YES;
				CLANG_WARN_SUSPICIOUS_MOVE = YES;
				CLANG_WARN_UNGUARDED_AVAILABILITY = YES_AGGRESSIVE;
				CLANG_WARN_UNREACHABLE_CODE = YES;
				CLANG_WARN__DUPLICATE_METHOD_MATCH = YES;
				COPY_PHASE_STRIP = NO;
				DEBUG_INFORMATION_FORMAT = "dwarf-with-dsym";
				ENABLE_NS_ASSERTIONS = NO;
				ENABLE_STRICT_OBJC_MSGSEND = YES;
				GCC_C_LANGUAGE_STANDARD = gnu11;
				GCC_NO_COMMON_BLOCKS = YES;
				GCC_WARN_64_TO_32_BIT_CONVERSION = YES;
				GCC_WARN_ABOUT_RETURN_TYPE = YES_ERROR;
				GCC_WARN_UNDECLARED_SELECTOR = YES;
				GCC_WARN_UNINITIALIZED_AUTOS = YES_AGGRESSIVE;
				GCC_WARN_UNUSED_FUNCTION = YES;
				GCC_WARN_UNUSED_VARIABLE = YES;
				MACOSX_DEPLOYMENT_TARGET = 11.3;
				MTL_ENABLE_DEBUG_INFO = NO;
				MTL_FAST_MATH = YES;
				SDKROOT = macosx;
				SWIFT_COMPILATION_MODE = wholemodule;
				SWIFT_OPTIMIZATION_LEVEL = "-O";
			};
			name = Release;
		};
		0141839C271B436700CA9561 /* Debug */ = {
			isa = XCBuildConfiguration;
			buildSettings = {
				ASSETCATALOG_COMPILER_APPICON_NAME = AppIcon;
				ASSETCATALOG_COMPILER_GLOBAL_ACCENT_COLOR_NAME = AccentColor;
				CODE_SIGN_ENTITLEMENTS = FindWordTimes/FindWordTimes.entitlements;
				CODE_SIGN_STYLE = Automatic;
				COMBINE_HIDPI_IMAGES = YES;
				DEVELOPMENT_ASSET_PATHS = "\"FindWordTimes/Preview Content\"";
				DEVELOPMENT_TEAM = NMBK2543Y3;
				ENABLE_HARDENED_RUNTIME = YES;
				ENABLE_PREVIEWS = YES;
				INFOPLIST_FILE = FindWordTimes/Info.plist;
				LD_RUNPATH_SEARCH_PATHS = (
					"$(inherited)",
					"@executable_path/../Frameworks",
				);
				MACOSX_DEPLOYMENT_TARGET = 11.0;
				PRODUCT_BUNDLE_IDENTIFIER = ca.astels.FindWordTimes;
				PRODUCT_NAME = "$(TARGET_NAME)";
				SWIFT_VERSION = 5.0;
			};
			name = Debug;
		};
		0141839D271B436700CA9561 /* Release */ = {
			isa = XCBuildConfiguration;
			buildSettings = {
				ASSETCATALOG_COMPILER_APPICON_NAME = AppIcon;
				ASSETCATALOG_COMPILER_GLOBAL_ACCENT_COLOR_NAME = AccentColor;
				CODE_SIGN_ENTITLEMENTS = FindWordTimes/FindWordTimes.entitlements;
				CODE_SIGN_STYLE = Automatic;
				COMBINE_HIDPI_IMAGES = YES;
				DEVELOPMENT_ASSET_PATHS = "\"FindWordTimes/Preview Content\"";
				DEVELOPMENT_TEAM = NMBK2543Y3;
				ENABLE_HARDENED_RUNTIME = YES;
				ENABLE_PREVIEWS = YES;
				INFOPLIST_FILE = FindWordTimes/Info.plist;
				LD_RUNPATH_SEARCH_PATHS = (
					"$(inherited)",
					"@executable_path/../Frameworks",
				);
				MACOSX_DEPLOYMENT_TARGET = 11.0;
				PRODUCT_BUNDLE_IDENTIFIER = ca.astels.FindWordTimes;
				PRODUCT_NAME = "$(TARGET_NAME)";
				SWIFT_VERSION = 5.0;
			};
			name = Release;
		};
/* End XCBuildConfiguration section */

/* Begin XCConfigurationList section */
		01418386271B436600CA9561 /* Build configuration list for PBXProject "FindWordTimes" */ = {
			isa = XCConfigurationList;
			buildConfigurations = (
				01418399271B436700CA9561 /* Debug */,
				0141839A271B436700CA9561 /* Release */,
			);
			defaultConfigurationIsVisible = 0;
			defaultConfigurationName = Release;
		};
		0141839B271B436700CA9561 /* Build configuration list for PBXNativeTarget "FindWordTimes" */ = {
			isa = XCConfigurationList;
			buildConfigurations = (
				0141839C271B436700CA9561 /* Debug */,
				0141839D271B436700CA9561 /* Release */,
			);
			defaultConfigurationIsVisible = 0;
			defaultConfigurationName = Release;
		};
/* End XCConfigurationList section */
	};
	rootObject = 01418383271B436600CA9561 /* Project object */;
}
